Microsoft Visual Studio Solution File, Format Version 12.00
# Visual Studio 15
Project("{FAE04EC0-301F-11D3-BF4B-00C04F79EFBC}") = "Assembly-CSharp", "Assembly-CSharp.csproj", "{2A07A6E2-6504-96F6-EB77-A91723589888}"
EndProject
Project("{FAE04EC0-301F-11D3-BF4B-00C04F79EFBC}") = "Assembly-CSharp-Editor", "Assembly-CSharp-Editor.csproj", "{86B0D2C7-4BD0-0D52-3085-61BFECC4C705}"
EndProject
Global
	GlobalSection(SolutionConfigurationPlatforms) = preSolution
		Debug|Any CPU = Debug|Any CPU
		Release|Any CPU = Release|Any CPU
	EndGlobalSection
	GlobalSection(ProjectConfigurationPlatforms) = postSolution
		{2A07A6E2-6504-96F6-EB77-A91723589888}.Debug|Any CPU.ActiveCfg = Debug|Any CPU
		{2A07A6E2-6504-96F6-EB77-A91723589888}.Debug|Any CPU.Build.0 = Debug|Any CPU
		{2A07A6E2-6504-96F6-EB77-A91723589888}.Release|Any CPU.ActiveCfg = Release|Any CPU
		{2A07A6E2-6504-96F6-EB77-A91723589888}.Release|Any CPU.Build.0 = Release|Any CPU
		{86B0D2C7-4BD0-0D52-3085-61BFECC4C705}.Debug|Any CPU.ActiveCfg = Debug|Any CPU
		{86B0D2C7-4BD0-0D52-3085-61BFECC4C705}.Debug|Any CPU.Build.0 = Debug|Any CPU
		{86B0D2C7-4BD0-0D52-3085-61BFECC4C705}.Release|Any CPU.ActiveCfg = Release|Any CPU
		{86B0D2C7-4BD0-0D52-3085-61BFECC4C705}.Release|Any CPU.Build.0 = Release|Any CPU
	EndGlobalSection
	GlobalSection(SolutionProperties) = preSolution
		HideSolutionNode = FALSE
	EndGlobalSection
EndGlobal
